# This file is generated by running "yarn install" inside your project.
# Manual changes might be lost - proceed with caution!

__metadata:
  version: 6

"metascraper-re2-repro@workspace:.":
  version: 0.0.0-use.local
  resolution: "metascraper-re2-repro@workspace:."
  languageName: unknown
  linkType: soft
